<?xml version="1.0" encoding="utf-8"?>
<Project ToolsVersion="4.0" xmlns="http://schemas.microsoft.com/developer/msbuild/2003">
  <ItemGroup>
    <Filter Include="Source Files">
      <UniqueIdentifier>{4FC737F1-C7A5-4376-A066-2A32D752A2FF}</UniqueIdentifier>
      <Extensions>cpp;c;cc;cxx;def;odl;idl;hpj;bat;asm;asmx</Extensions>
    </Filter>
    <Filter Include="Header Files">
      <UniqueIdentifier>{93995380-89BD-4b04-88EB-625FBE52EBFB}</UniqueIdentifier>
      <Extensions>h;hh;hpp;hxx;hm;inl;inc;ipp;xsd</Extensions>
    </Filter>
    <Filter Include="Header Files\Job">
      <UniqueIdentifier>{8e287a41-ae3c-402c-8153-e6c9f8eebbd9}</UniqueIdentifier>
    </Filter>
    <Filter Include="Source Files\Job">
      <UniqueIdentifier>{cfbfa0b6-c704-4674-8dc4-3ea9696e3fee}</UniqueIdentifier>
    </Filter>
    <Filter Include="Header Files\Util">
      <UniqueIdentifier>{e650d633-162e-40e9-b9be-9049b9dde4f4}</UniqueIdentifier>
    </Filter>
    <Filter Include="Header Files\Concurrency">
      <UniqueIdentifier>{fedbca42-9904-40d9-a2a5-8cc602663155}</UniqueIdentifier>
    </Filter>
    <Filter Include="Source Files\Concurrency">
      <UniqueIdentifier>{5e9eb789-ecf5-46fa-ba20-4d97597f3f3f}</UniqueIdentifier>
    </Filter>
  </ItemGroup>
  <ItemGroup>
    <ClCompile Include="src\main.cpp">
      <Filter>Source Files</Filter>
    </ClCompile>
    <ClCompile Include="src\Arghandling.cpp">
      <Filter>Source Files</Filter>
    </ClCompile>
    <ClCompile Include="src\JobScheduler.cpp">
      <Filter>Source Files\Job</Filter>
    </ClCompile>
    <ClCompile Include="src\CpuDeviceCoordinator.cpp">
      <Filter>Source Files\Concurrency</Filter>
    </ClCompile>
    <ClCompile Include="src\ClDeviceCoordinator.cpp">
      <Filter>Source Files\Concurrency</Filter>
    </ClCompile>
    <ClCompile Include="src\Avx2CpuDeviceCoordinator.cpp">
      <Filter>Source Files\Concurrency</Filter>
    </ClCompile>
  </ItemGroup>
  <ItemGroup>
    <ClInclude Include="src\Job.h">
      <Filter>Header Files\Job</Filter>
    </ClInclude>
    <ClInclude Include="src\JobScheduler.h">
      <Filter>Header Files\Job</Filter>
    </ClInclude>
    <ClInclude Include="src\RunningStats.h">
      <Filter>Header Files\Job</Filter>
    </ClInclude>
    <ClInclude Include="src\Arghandling.h">
      <Filter>Header Files\Util</Filter>
    </ClInclude>
    <ClInclude Include="src\Watchdog.h">
      <Filter>Header Files</Filter>
    </ClInclude>
    <ClInclude Include="src\FileChunkHandler.h">
      <Filter>Header Files\Util</Filter>
    </ClInclude>
    <ClInclude Include="src\JobAggregator.h">
      <Filter>Header Files\Job</Filter>
    </ClInclude>
    <ClInclude Include="src\CpuDeviceCoordinator.h">
      <Filter>Header Files\Concurrency</Filter>
    </ClInclude>
    <ClInclude Include="src\ClDeviceCoordinator.h">
      <Filter>Header Files\Concurrency</Filter>
    </ClInclude>
    <ClInclude Include="src\DeviceCoordinator.h">
      <Filter>Header Files\Concurrency</Filter>
    </ClInclude>
    <ClInclude Include="src\MemoryUtils.h">
      <Filter>Header Files\Util</Filter>
    </ClInclude>
    <ClInclude Include="src\ConcurrencyUtils.h">
      <Filter>Header Files\Util</Filter>
    </ClInclude>
    <ClInclude Include="src\DistributionClassification.h">
      <Filter>Header Files</Filter>
    </ClInclude>
    <ClInclude Include="src\ClCompiler.h">
      <Filter>Header Files</Filter>
    </ClInclude>
    <ClInclude Include="src\ClSources.h">
      <Filter>Header Files</Filter>
    </ClInclude>
    <ClInclude Include="src\VectorizationUtils.h">
      <Filter>Header Files\Util</Filter>
    </ClInclude>
    <ClInclude Include="src\Avx2RunningStats.h">
      <Filter>Header Files\Job</Filter>
    </ClInclude>
    <ClInclude Include="src\Avx2CpuDeviceCoordinator.h">
      <Filter>Header Files\Concurrency</Filter>
    </ClInclude>
    <ClInclude Include="src\Logging.h">
      <Filter>Header Files\Util</Filter>
    </ClInclude>
  </ItemGroup>
</Project>