<?xml version="1.0" encoding="utf-8"?>
<Project ToolsVersion="4.0" xmlns="http://schemas.microsoft.com/developer/msbuild/2003">
  <ItemGroup>
    <Filter Include="Source Files">
      <UniqueIdentifier>{4FC737F1-C7A5-4376-A066-2A32D752A2FF}</UniqueIdentifier>
      <Extensions>cpp;c;cc;cxx;def;odl;idl;hpj;bat;asm;asmx</Extensions>
    </Filter>
    <Filter Include="Header Files">
      <UniqueIdentifier>{93995380-89BD-4b04-88EB-625FBE52EBFB}</UniqueIdentifier>
      <Extensions>h;hh;hpp;hxx;hm;inl;inc;ipp;xsd</Extensions>
    </Filter>
    <Filter Include="Header Files\IO">
      <UniqueIdentifier>{2eb647d7-df59-4779-b70b-526db6623400}</UniqueIdentifier>
    </Filter>
    <Filter Include="Header Files\Core">
      <UniqueIdentifier>{0a95e712-3b8e-40ba-b160-2f887a8fd525}</UniqueIdentifier>
    </Filter>
    <Filter Include="Header Files\CL">
      <UniqueIdentifier>{41f6d06d-4a6d-4681-a77e-34b4a35bd221}</UniqueIdentifier>
    </Filter>
    <Filter Include="Header Files\Stats">
      <UniqueIdentifier>{aca6bc71-a829-4e87-af6b-0cd2e9611916}</UniqueIdentifier>
    </Filter>
    <Filter Include="Header Files\CPU">
      <UniqueIdentifier>{915c0764-c827-4bb4-afa2-596630115244}</UniqueIdentifier>
    </Filter>
  </ItemGroup>
  <ItemGroup>
    <ClCompile Include="src\main.cpp">
      <Filter>Source Files</Filter>
    </ClCompile>
    <ClCompile Include="src\Arghandling.cpp">
      <Filter>Source Files</Filter>
    </ClCompile>
    <ClCompile Include="src\Avx2CpuDeviceCoordinator.cpp">
      <Filter>Source Files</Filter>
    </ClCompile>
    <ClCompile Include="src\StatsAccumulator.cpp">
      <Filter>Source Files</Filter>
    </ClCompile>
    <ClCompile Include="src\CpuDeviceCoordinator.cpp">
      <Filter>Source Files</Filter>
    </ClCompile>
  </ItemGroup>
  <ItemGroup>
    <ClInclude Include="src\DataLoader.h">
      <Filter>Header Files\IO</Filter>
    </ClInclude>
    <ClInclude Include="src\Avx2CpuDeviceCoordinator.h">
      <Filter>Header Files\CPU</Filter>
    </ClInclude>
    <ClInclude Include="src\DeviceCoordinator.h">
      <Filter>Header Files\Core</Filter>
    </ClInclude>
    <ClInclude Include="src\JobScheduler.h">
      <Filter>Header Files\Core</Filter>
    </ClInclude>
    <ClInclude Include="src\Job.h">
      <Filter>Header Files\Core</Filter>
    </ClInclude>
    <ClInclude Include="src\ClDeviceCoordinator.h">
      <Filter>Header Files\CL</Filter>
    </ClInclude>
    <ClInclude Include="src\ClSources.h">
      <Filter>Header Files\CL</Filter>
    </ClInclude>
    <ClInclude Include="src\DistributionClassification.h">
      <Filter>Header Files\Stats</Filter>
    </ClInclude>
    <ClInclude Include="src\Watchdog.h">
      <Filter>Header Files\Core</Filter>
    </ClInclude>
    <ClInclude Include="src\VectorizationUtils.h">
      <Filter>Header Files\CPU</Filter>
    </ClInclude>
    <ClInclude Include="src\ConcurrencyUtils.h">
      <Filter>Header Files\Core</Filter>
    </ClInclude>
    <ClInclude Include="src\Arghandling.h">
      <Filter>Header Files\Core</Filter>
    </ClInclude>
    <ClInclude Include="src\Avx2StatsAccumulator.h">
      <Filter>Header Files\Stats</Filter>
    </ClInclude>
    <ClInclude Include="src\StatsAccumulator.h">
      <Filter>Header Files\Stats</Filter>
    </ClInclude>
    <ClInclude Include="src\StatUtils.h">
      <Filter>Header Files\Stats</Filter>
    </ClInclude>
    <ClInclude Include="src\OpenClTest.h">
      <Filter>Header Files\CL</Filter>
    </ClInclude>
    <ClInclude Include="src\SingleThreadStatsComputation.h">
      <Filter>Header Files\Stats</Filter>
    </ClInclude>
    <ClInclude Include="src\FileChunkHandler.h">
      <Filter>Header Files\IO</Filter>
    </ClInclude>
    <ClInclude Include="src\CpuDeviceCoordinator.h">
      <Filter>Header Files\CPU</Filter>
    </ClInclude>
    <ClInclude Include="src\MemoryAllocation.h">
      <Filter>Header Files\Core</Filter>
    </ClInclude>
  </ItemGroup>
</Project>