<?xml version="1.0" encoding="utf-8"?>
<Project ToolsVersion="4.0" xmlns="http://schemas.microsoft.com/developer/msbuild/2003">
  <ItemGroup>
    <Filter Include="Source Files">
      <UniqueIdentifier>{1c45ef8b-467c-490c-9ff7-3403b3826241}</UniqueIdentifier>
    </Filter>
    <Filter Include="Header Files">
      <UniqueIdentifier>{3572ccb2-5dc5-44d7-81f9-e057508549a5}</UniqueIdentifier>
    </Filter>
    <Filter Include="Header Files\Core">
      <UniqueIdentifier>{e89958c4-cac4-49c7-916b-b6d9173b5163}</UniqueIdentifier>
    </Filter>
    <Filter Include="Header Files\CL">
      <UniqueIdentifier>{c394b4d2-76ab-4550-9a7c-91cc64c43e3c}</UniqueIdentifier>
    </Filter>
    <Filter Include="Header Files\SMP">
      <UniqueIdentifier>{7c3febda-2cb8-4f4f-9f3c-688e7746ce1c}</UniqueIdentifier>
    </Filter>
    <Filter Include="Header Files\Stats">
      <UniqueIdentifier>{acab0940-e5b4-4a2b-958a-e7bcf466f344}</UniqueIdentifier>
    </Filter>
    <Filter Include="Header Files\IO">
      <UniqueIdentifier>{662cf2ae-d45c-407e-9464-44300d07ab0a}</UniqueIdentifier>
    </Filter>
    <Filter Include="Source Files\Coordinator">
      <UniqueIdentifier>{31c529b7-5ece-4f5c-bd80-e290eb4f608e}</UniqueIdentifier>
    </Filter>
    <Filter Include="Header Files\Benchmark">
      <UniqueIdentifier>{7b48db87-ce6e-4fc9-9ba0-9514d3ba9a0f}</UniqueIdentifier>
    </Filter>
    <Filter Include="Source Files\Accumulator">
      <UniqueIdentifier>{6b6c17ee-7be1-4a5d-a2c8-da76a7444b68}</UniqueIdentifier>
    </Filter>
  </ItemGroup>
  <ItemGroup>
    <ClCompile Include="..\src\ArgParser.cpp">
      <Filter>Source Files</Filter>
    </ClCompile>
    <ClCompile Include="..\src\DataLoader.cpp">
      <Filter>Source Files</Filter>
    </ClCompile>
    <ClCompile Include="..\src\main.cpp">
      <Filter>Source Files</Filter>
    </ClCompile>
    <ClCompile Include="..\src\CpuDeviceCoordinator.cpp">
      <Filter>Source Files\Coordinator</Filter>
    </ClCompile>
    <ClCompile Include="..\src\ClDeviceCoordinator.cpp">
      <Filter>Source Files\Coordinator</Filter>
    </ClCompile>
    <ClCompile Include="..\src\Avx2CpuDeviceCoordinator.cpp">
      <Filter>Source Files\Coordinator</Filter>
    </ClCompile>
    <ClCompile Include="..\src\StatsAccumulator.cpp">
      <Filter>Source Files\Accumulator</Filter>
    </ClCompile>
    <ClCompile Include="..\src\Avx2StatsAccumulator.cpp">
      <Filter>Source Files\Accumulator</Filter>
    </ClCompile>
    <ClCompile Include="..\src\JobScheduler.cpp">
      <Filter>Source Files</Filter>
    </ClCompile>
    <ClCompile Include="..\src\DeviceCoordinator.cpp">
      <Filter>Source Files\Coordinator</Filter>
    </ClCompile>
  </ItemGroup>
  <ItemGroup>
    <ClInclude Include="..\src\DeviceCoordinator.h">
      <Filter>Header Files\Core</Filter>
    </ClInclude>
    <ClInclude Include="..\src\Logging.h">
      <Filter>Header Files\IO</Filter>
    </ClInclude>
    <ClInclude Include="..\src\MemoryAllocation.h">
      <Filter>Header Files\IO</Filter>
    </ClInclude>
    <ClInclude Include="..\src\FileChunkHandler.h">
      <Filter>Header Files\IO</Filter>
    </ClInclude>
    <ClInclude Include="..\src\ClSources.h">
      <Filter>Header Files\CL</Filter>
    </ClInclude>
    <ClInclude Include="..\src\ClDeviceCoordinator.h">
      <Filter>Header Files\CL</Filter>
    </ClInclude>
    <ClInclude Include="..\src\Avx2CpuDeviceCoordinator.h">
      <Filter>Header Files\SMP</Filter>
    </ClInclude>
    <ClInclude Include="..\src\Avx2StatsAccumulator.h">
      <Filter>Header Files\SMP</Filter>
    </ClInclude>
    <ClInclude Include="..\src\CpuDeviceCoordinator.h">
      <Filter>Header Files\SMP</Filter>
    </ClInclude>
    <ClInclude Include="..\src\Job.h">
      <Filter>Header Files\Core</Filter>
    </ClInclude>
    <ClInclude Include="..\src\JobScheduler.h">
      <Filter>Header Files\Core</Filter>
    </ClInclude>
    <ClInclude Include="..\src\DataLoader.h">
      <Filter>Header Files\IO</Filter>
    </ClInclude>
    <ClInclude Include="..\src\ProcessingConfig.h">
      <Filter>Header Files\Core</Filter>
    </ClInclude>
    <ClInclude Include="..\src\StatsAccumulator.h">
      <Filter>Header Files\Stats</Filter>
    </ClInclude>
    <ClInclude Include="..\src\StatUtils.h">
      <Filter>Header Files\Stats</Filter>
    </ClInclude>
    <ClInclude Include="..\src\Watchdog.h">
      <Filter>Header Files\Core</Filter>
    </ClInclude>
    <ClInclude Include="..\src\ArgumentParser.h">
      <Filter>Header Files\IO</Filter>
    </ClInclude>
    <ClInclude Include="..\src\Benchmark.h">
      <Filter>Header Files\Benchmark</Filter>
    </ClInclude>
    <ClInclude Include="..\src\Timer.h">
      <Filter>Header Files\Benchmark</Filter>
    </ClInclude>
    <ClInclude Include="..\src\VectorizationUtils.h">
      <Filter>Header Files\SMP</Filter>
    </ClInclude>
    <ClInclude Include="..\src\ConcurrencyUtils.h">
      <Filter>Header Files\SMP</Filter>
    </ClInclude>
    <ClInclude Include="..\src\SingleThreadStatsComputation.h">
      <Filter>Header Files\SMP</Filter>
    </ClInclude>
    <ClInclude Include="..\src\FilesystemUtils.h">
      <Filter>Header Files\IO</Filter>
    </ClInclude>
    <ClInclude Include="..\src\DistributionClassification.h">
      <Filter>Header Files\Stats</Filter>
    </ClInclude>
    <ClInclude Include="..\src\StatsMerger.h">
      <Filter>Header Files\Stats</Filter>
    </ClInclude>
  </ItemGroup>
</Project>